
Microsoft Visual Studio Solution File, Format Version 12.00
# Visual Studio Version 16
VisualStudioVersion = 16.0.30907.101
MinimumVisualStudioVersion = 10.0.40219.1
Project("{FAE04EC0-301F-11D3-BF4B-00C04F79EFBC}") = "GUIA 3 EJERCICIO 3", "GUIA 3 EJERCICIO 3\GUIA 3 EJERCICIO 3.csproj", "{597EA878-3B59-49B8-9A1E-9061F7F54041}"
EndProject
Global
	GlobalSection(SolutionConfigurationPlatforms) = preSolution
		Debug|Any CPU = Debug|Any CPU
		Release|Any CPU = Release|Any CPU
	EndGlobalSection
	GlobalSection(ProjectConfigurationPlatforms) = postSolution
		{597EA878-3B59-49B8-9A1E-9061F7F54041}.Debug|Any CPU.ActiveCfg = Debug|Any CPU
		{597EA878-3B59-49B8-9A1E-9061F7F54041}.Debug|Any CPU.Build.0 = Debug|Any CPU
		{597EA878-3B59-49B8-9A1E-9061F7F54041}.Release|Any CPU.ActiveCfg = Release|Any CPU
		{597EA878-3B59-49B8-9A1E-9061F7F54041}.Release|Any CPU.Build.0 = Release|Any CPU
	EndGlobalSection
	GlobalSection(SolutionProperties) = preSolution
		HideSolutionNode = FALSE
	EndGlobalSection
	GlobalSection(ExtensibilityGlobals) = postSolution
		SolutionGuid = {B73B2786-6C0D-4F80-A64A-FC5CFBD3FCC1}
	EndGlobalSection
EndGlobal
